
Microsoft Visual Studio Solution File, Format Version 12.00
# Visual Studio Version 16
VisualStudioVersion = 16.0.32602.291
MinimumVisualStudioVersion = 10.0.40219.1
Project("{9A19103F-16F7-4668-BE54-9A1E7A4F7556}") = "MultiShop.MVC", "MultiShop.MVC\MultiShop.MVC.csproj", "{CA1F5F32-7526-4971-8128-9951D3D4C12D}"
EndProject
Project("{9A19103F-16F7-4668-BE54-9A1E7A4F7556}") = "MultiShop.Mvc.DataAccess", "MultiShop.Mvc.DataAccess\MultiShop.Mvc.DataAccess.csproj", "{34A3C81F-3BDC-4E37-8B61-B2E5C681B217}"
EndProject
Project("{FAE04EC0-301F-11D3-BF4B-00C04F79EFBC}") = "MultiShop.Mvc.Models", "MultiShop.Mvc.Models\MultiShop.Mvc.Models.csproj", "{0D39FDE1-179B-433E-BE7C-002C08C004BC}"
EndProject
Global
	GlobalSection(SolutionConfigurationPlatforms) = preSolution
		Debug|Any CPU = Debug|Any CPU
		Release|Any CPU = Release|Any CPU
	EndGlobalSection
	GlobalSection(ProjectConfigurationPlatforms) = postSolution
		{CA1F5F32-7526-4971-8128-9951D3D4C12D}.Debug|Any CPU.ActiveCfg = Debug|Any CPU
		{CA1F5F32-7526-4971-8128-9951D3D4C12D}.Debug|Any CPU.Build.0 = Debug|Any CPU
		{CA1F5F32-7526-4971-8128-9951D3D4C12D}.Release|Any CPU.ActiveCfg = Release|Any CPU
		{CA1F5F32-7526-4971-8128-9951D3D4C12D}.Release|Any CPU.Build.0 = Release|Any CPU
		{34A3C81F-3BDC-4E37-8B61-B2E5C681B217}.Debug|Any CPU.ActiveCfg = Debug|Any CPU
		{34A3C81F-3BDC-4E37-8B61-B2E5C681B217}.Debug|Any CPU.Build.0 = Debug|Any CPU
		{34A3C81F-3BDC-4E37-8B61-B2E5C681B217}.Release|Any CPU.ActiveCfg = Release|Any CPU
		{34A3C81F-3BDC-4E37-8B61-B2E5C681B217}.Release|Any CPU.Build.0 = Release|Any CPU
		{0D39FDE1-179B-433E-BE7C-002C08C004BC}.Debug|Any CPU.ActiveCfg = Debug|Any CPU
		{0D39FDE1-179B-433E-BE7C-002C08C004BC}.Debug|Any CPU.Build.0 = Debug|Any CPU
		{0D39FDE1-179B-433E-BE7C-002C08C004BC}.Release|Any CPU.ActiveCfg = Release|Any CPU
		{0D39FDE1-179B-433E-BE7C-002C08C004BC}.Release|Any CPU.Build.0 = Release|Any CPU
	EndGlobalSection
	GlobalSection(SolutionProperties) = preSolution
		HideSolutionNode = FALSE
	EndGlobalSection
	GlobalSection(ExtensibilityGlobals) = postSolution
		SolutionGuid = {1D379CE3-9E97-4BCC-8E25-3157680C12E8}
	EndGlobalSection
EndGlobal
